
Microsoft Visual Studio Solution File, Format Version 12.00
# Visual Studio Version 16
VisualStudioVersion = 16.0.30114.105
MinimumVisualStudioVersion = 10.0.40219.1
Project("{FAE04EC0-301F-11D3-BF4B-00C04F79EFBC}") = "SwigPjSip", "SwigPjSip\SwigPjSip.csproj", "{C8C260B4-9B90-4011-9246-12ADFEB4AD80}"
EndProject
Project("{FAE04EC0-301F-11D3-BF4B-00C04F79EFBC}") = "UnitTestConsole", "UnitTestConsole\UnitTestConsole.csproj", "{9C63E334-88EC-4887-BD0C-261D661FBEEB}"
EndProject
Global
	GlobalSection(SolutionConfigurationPlatforms) = preSolution
		Debug|Any CPU = Debug|Any CPU
		Release|Any CPU = Release|Any CPU
	EndGlobalSection
	GlobalSection(ProjectConfigurationPlatforms) = postSolution
		{C8C260B4-9B90-4011-9246-12ADFEB4AD80}.Debug|Any CPU.ActiveCfg = Debug|Any CPU
		{C8C260B4-9B90-4011-9246-12ADFEB4AD80}.Debug|Any CPU.Build.0 = Debug|Any CPU
		{C8C260B4-9B90-4011-9246-12ADFEB4AD80}.Release|Any CPU.ActiveCfg = Release|Any CPU
		{C8C260B4-9B90-4011-9246-12ADFEB4AD80}.Release|Any CPU.Build.0 = Release|Any CPU
		{9C63E334-88EC-4887-BD0C-261D661FBEEB}.Debug|Any CPU.ActiveCfg = Debug|Any CPU
		{9C63E334-88EC-4887-BD0C-261D661FBEEB}.Debug|Any CPU.Build.0 = Debug|Any CPU
		{9C63E334-88EC-4887-BD0C-261D661FBEEB}.Release|Any CPU.ActiveCfg = Release|Any CPU
		{9C63E334-88EC-4887-BD0C-261D661FBEEB}.Release|Any CPU.Build.0 = Release|Any CPU
	EndGlobalSection
	GlobalSection(SolutionProperties) = preSolution
		HideSolutionNode = FALSE
	EndGlobalSection
	GlobalSection(ExtensibilityGlobals) = postSolution
		SolutionGuid = {D847F32F-A695-44A8-B165-B28B66E04974}
	EndGlobalSection
EndGlobal
